
Microsoft Visual Studio Solution File, Format Version 12.00
# Visual Studio 14
VisualStudioVersion = 14.0.24720.0
MinimumVisualStudioVersion = 10.0.40219.1



Project("{FAE04EC0-301F-11D3-BF4B-00C04F79EFBC}") = "Tms.Common", "Tms.Common\Tms.Common.csproj", "{DE399F8E-93B7-4B21-A026-796A8A912F31}"
EndProject
Project("{FAE04EC0-301F-11D3-BF4B-00C04F79EFBC}") = "Tms.RestApi", "Tms.RestApi\Tms.RestApi.csproj", "{253B7641-A570-433A-BC64-DAD7A755A064}"
	ProjectSection(ProjectDependencies) = postProject
		{BEFBDD29-E913-4CE3-B097-E1447645F3EC} = {BEFBDD29-E913-4CE3-B097-E1447645F3EC}
		{A39F2953-B271-4A3D-A696-6395718B5485} = {A39F2953-B271-4A3D-A696-6395718B5485}
		{DE399F8E-93B7-4B21-A026-796A8A912F31} = {DE399F8E-93B7-4B21-A026-796A8A912F31}
		{B7FD86C5-E869-46F4-932D-071EC7750B01} = {B7FD86C5-E869-46F4-932D-071EC7750B01}
		{1452A1E0-326C-43D6-B43E-B54C3F184A92} = {1452A1E0-326C-43D6-B43E-B54C3F184A92}
	EndProjectSection
EndProject
Project("{FAE04EC0-301F-11D3-BF4B-00C04F79EFBC}") = "Tms.Dal.MongoDb", "Tms.Dal.MongoDb\Tms.Dal.MongoDb.csproj", "{1452A1E0-326C-43D6-B43E-B54C3F184A92}"
EndProject
Project("{FAE04EC0-301F-11D3-BF4B-00C04F79EFBC}") = "Tms.Contracts.Dal", "Tms.Contracts.Dal\Tms.Contracts.Dal.csproj", "{BEFBDD29-E913-4CE3-B097-E1447645F3EC}"
	ProjectSection(ProjectDependencies) = postProject
		{DE399F8E-93B7-4B21-A026-796A8A912F31} = {DE399F8E-93B7-4B21-A026-796A8A912F31}
	EndProjectSection
EndProject
Project("{FAE04EC0-301F-11D3-BF4B-00C04F79EFBC}") = "Tms.Flows", "Tms.Flows\Tms.Flows.csproj", "{B7FD86C5-E869-46F4-932D-071EC7750B01}"
	ProjectSection(ProjectDependencies) = postProject
		{BEFBDD29-E913-4CE3-B097-E1447645F3EC} = {BEFBDD29-E913-4CE3-B097-E1447645F3EC}
		{A39F2953-B271-4A3D-A696-6395718B5485} = {A39F2953-B271-4A3D-A696-6395718B5485}
		{DE399F8E-93B7-4B21-A026-796A8A912F31} = {DE399F8E-93B7-4B21-A026-796A8A912F31}
	EndProjectSection
EndProject
Project("{FAE04EC0-301F-11D3-BF4B-00C04F79EFBC}") = "Tms.Log", "Tms.Log\Tms.Log.csproj", "{A39F2953-B271-4A3D-A696-6395718B5485}"
	ProjectSection(ProjectDependencies) = postProject
		{DE399F8E-93B7-4B21-A026-796A8A912F31} = {DE399F8E-93B7-4B21-A026-796A8A912F31}
	EndProjectSection
EndProject
Project("{2150E333-8FDC-42A3-9474-1A3956D46DE8}") = "Tms.Tests", "Tms.Tests", "{9D4DCA10-BAF8-450B-91D9-2F0B1815EAFB}"
EndProject
Project("{FAE04EC0-301F-11D3-BF4B-00C04F79EFBC}") = "Tms.Common.Tests", "Tms.Common.Tests\Tms.Common.Tests.csproj", "{56F0DB9D-EDD2-475E-BEB4-9F4F8966EC18}"
	ProjectSection(ProjectDependencies) = postProject
		{DE399F8E-93B7-4B21-A026-796A8A912F31} = {DE399F8E-93B7-4B21-A026-796A8A912F31}
	EndProjectSection
EndProject
Project("{FAE04EC0-301F-11D3-BF4B-00C04F79EFBC}") = "Tms.Flows.Tests", "Tms.Flows.Tests\Tms.Flows.Tests.csproj", "{1F53F40F-BAC1-408F-98E9-D92BE4D1A83B}"
	ProjectSection(ProjectDependencies) = postProject
		{BEFBDD29-E913-4CE3-B097-E1447645F3EC} = {BEFBDD29-E913-4CE3-B097-E1447645F3EC}
		{DE399F8E-93B7-4B21-A026-796A8A912F31} = {DE399F8E-93B7-4B21-A026-796A8A912F31}
		{B7FD86C5-E869-46F4-932D-071EC7750B01} = {B7FD86C5-E869-46F4-932D-071EC7750B01}
	EndProjectSection
EndProject
Project("{FAE04EC0-301F-11D3-BF4B-00C04F79EFBC}") = "Tms.RestApi.Tests", "Tms.RestApi.Tests\Tms.RestApi.Tests.csproj", "{1305F55A-6301-408D-95B7-05EC6F49FBE2}"
EndProject
Project("{FAE04EC0-301F-11D3-BF4B-00C04F79EFBC}") = "Tms.Contracts.Flows", "Tms.Contracts.Flows\Tms.Contracts.Flows.csproj", "{9AC33849-5966-47B8-92EE-2A640B2B039B}"
EndProject
Project("{FAE04EC0-301F-11D3-BF4B-00C04F79EFBC}") = "Tms.Domain", "Tms.Domain\Tms.Domain.csproj", "{64E1055B-7C49-43F2-A3E3-12FEFAB370C2}"
EndProject
Project("{FAE04EC0-301F-11D3-BF4B-00C04F79EFBC}") = "Tms.Configuration", "Tms.Configuration\Tms.Configuration.csproj", "{F3BE5594-A807-4FC2-A18D-9D917E921DE4}"
EndProject
Project("{FAE04EC0-301F-11D3-BF4B-00C04F79EFBC}") = "Tms.Configuration.Tests", "Tms.Configuration.Tests\Tms.Configuration.Tests.csproj", "{1CFEDC5D-805E-4CB6-B727-6FCA8A979ADE}"
EndProject
Global
	GlobalSection(SolutionConfigurationPlatforms) = preSolution
		Debug|Any CPU = Debug|Any CPU
		Release|Any CPU = Release|Any CPU
	EndGlobalSection
	GlobalSection(ProjectConfigurationPlatforms) = postSolution
		{DE399F8E-93B7-4B21-A026-796A8A912F31}.Debug|Any CPU.ActiveCfg = Debug|Any CPU
		{DE399F8E-93B7-4B21-A026-796A8A912F31}.Debug|Any CPU.Build.0 = Debug|Any CPU
		{DE399F8E-93B7-4B21-A026-796A8A912F31}.Release|Any CPU.ActiveCfg = Release|Any CPU
		{DE399F8E-93B7-4B21-A026-796A8A912F31}.Release|Any CPU.Build.0 = Release|Any CPU
		{253B7641-A570-433A-BC64-DAD7A755A064}.Debug|Any CPU.ActiveCfg = Debug|Any CPU
		{253B7641-A570-433A-BC64-DAD7A755A064}.Debug|Any CPU.Build.0 = Debug|Any CPU
		{253B7641-A570-433A-BC64-DAD7A755A064}.Release|Any CPU.ActiveCfg = Release|Any CPU
		{253B7641-A570-433A-BC64-DAD7A755A064}.Release|Any CPU.Build.0 = Release|Any CPU
		{1452A1E0-326C-43D6-B43E-B54C3F184A92}.Debug|Any CPU.ActiveCfg = Debug|Any CPU
		{1452A1E0-326C-43D6-B43E-B54C3F184A92}.Debug|Any CPU.Build.0 = Debug|Any CPU
		{1452A1E0-326C-43D6-B43E-B54C3F184A92}.Release|Any CPU.ActiveCfg = Release|Any CPU
		{1452A1E0-326C-43D6-B43E-B54C3F184A92}.Release|Any CPU.Build.0 = Release|Any CPU
		{BEFBDD29-E913-4CE3-B097-E1447645F3EC}.Debug|Any CPU.ActiveCfg = Debug|Any CPU
		{BEFBDD29-E913-4CE3-B097-E1447645F3EC}.Debug|Any CPU.Build.0 = Debug|Any CPU
		{BEFBDD29-E913-4CE3-B097-E1447645F3EC}.Release|Any CPU.ActiveCfg = Release|Any CPU
		{BEFBDD29-E913-4CE3-B097-E1447645F3EC}.Release|Any CPU.Build.0 = Release|Any CPU
		{B7FD86C5-E869-46F4-932D-071EC7750B01}.Debug|Any CPU.ActiveCfg = Debug|Any CPU
		{B7FD86C5-E869-46F4-932D-071EC7750B01}.Debug|Any CPU.Build.0 = Debug|Any CPU
		{B7FD86C5-E869-46F4-932D-071EC7750B01}.Release|Any CPU.ActiveCfg = Release|Any CPU
		{B7FD86C5-E869-46F4-932D-071EC7750B01}.Release|Any CPU.Build.0 = Release|Any CPU
		{A39F2953-B271-4A3D-A696-6395718B5485}.Debug|Any CPU.ActiveCfg = Debug|Any CPU
		{A39F2953-B271-4A3D-A696-6395718B5485}.Debug|Any CPU.Build.0 = Debug|Any CPU
		{A39F2953-B271-4A3D-A696-6395718B5485}.Release|Any CPU.ActiveCfg = Release|Any CPU
		{A39F2953-B271-4A3D-A696-6395718B5485}.Release|Any CPU.Build.0 = Release|Any CPU
		{56F0DB9D-EDD2-475E-BEB4-9F4F8966EC18}.Debug|Any CPU.ActiveCfg = Debug|Any CPU
		{56F0DB9D-EDD2-475E-BEB4-9F4F8966EC18}.Debug|Any CPU.Build.0 = Debug|Any CPU
		{56F0DB9D-EDD2-475E-BEB4-9F4F8966EC18}.Release|Any CPU.ActiveCfg = Release|Any CPU
		{56F0DB9D-EDD2-475E-BEB4-9F4F8966EC18}.Release|Any CPU.Build.0 = Release|Any CPU
		{1F53F40F-BAC1-408F-98E9-D92BE4D1A83B}.Debug|Any CPU.ActiveCfg = Debug|Any CPU
		{1F53F40F-BAC1-408F-98E9-D92BE4D1A83B}.Debug|Any CPU.Build.0 = Debug|Any CPU
		{1F53F40F-BAC1-408F-98E9-D92BE4D1A83B}.Release|Any CPU.ActiveCfg = Release|Any CPU
		{1F53F40F-BAC1-408F-98E9-D92BE4D1A83B}.Release|Any CPU.Build.0 = Release|Any CPU
		{1305F55A-6301-408D-95B7-05EC6F49FBE2}.Debug|Any CPU.ActiveCfg = Debug|Any CPU
		{1305F55A-6301-408D-95B7-05EC6F49FBE2}.Debug|Any CPU.Build.0 = Debug|Any CPU
		{1305F55A-6301-408D-95B7-05EC6F49FBE2}.Release|Any CPU.ActiveCfg = Release|Any CPU
		{1305F55A-6301-408D-95B7-05EC6F49FBE2}.Release|Any CPU.Build.0 = Release|Any CPU
		{9AC33849-5966-47B8-92EE-2A640B2B039B}.Debug|Any CPU.ActiveCfg = Debug|Any CPU
		{9AC33849-5966-47B8-92EE-2A640B2B039B}.Debug|Any CPU.Build.0 = Debug|Any CPU
		{9AC33849-5966-47B8-92EE-2A640B2B039B}.Release|Any CPU.ActiveCfg = Release|Any CPU
		{9AC33849-5966-47B8-92EE-2A640B2B039B}.Release|Any CPU.Build.0 = Release|Any CPU
		{64E1055B-7C49-43F2-A3E3-12FEFAB370C2}.Debug|Any CPU.ActiveCfg = Debug|Any CPU
		{64E1055B-7C49-43F2-A3E3-12FEFAB370C2}.Debug|Any CPU.Build.0 = Debug|Any CPU
		{64E1055B-7C49-43F2-A3E3-12FEFAB370C2}.Release|Any CPU.ActiveCfg = Release|Any CPU
		{64E1055B-7C49-43F2-A3E3-12FEFAB370C2}.Release|Any CPU.Build.0 = Release|Any CPU
		{F3BE5594-A807-4FC2-A18D-9D917E921DE4}.Debug|Any CPU.ActiveCfg = Debug|Any CPU
		{F3BE5594-A807-4FC2-A18D-9D917E921DE4}.Debug|Any CPU.Build.0 = Debug|Any CPU
		{F3BE5594-A807-4FC2-A18D-9D917E921DE4}.Release|Any CPU.ActiveCfg = Release|Any CPU
		{F3BE5594-A807-4FC2-A18D-9D917E921DE4}.Release|Any CPU.Build.0 = Release|Any CPU
		{1CFEDC5D-805E-4CB6-B727-6FCA8A979ADE}.Debug|Any CPU.ActiveCfg = Debug|Any CPU
		{1CFEDC5D-805E-4CB6-B727-6FCA8A979ADE}.Debug|Any CPU.Build.0 = Debug|Any CPU
		{1CFEDC5D-805E-4CB6-B727-6FCA8A979ADE}.Release|Any CPU.ActiveCfg = Release|Any CPU
		{1CFEDC5D-805E-4CB6-B727-6FCA8A979ADE}.Release|Any CPU.Build.0 = Release|Any CPU
	EndGlobalSection
	GlobalSection(SolutionProperties) = preSolution
		HideSolutionNode = FALSE
	EndGlobalSection
	GlobalSection(NestedProjects) = preSolution
		{56F0DB9D-EDD2-475E-BEB4-9F4F8966EC18} = {9D4DCA10-BAF8-450B-91D9-2F0B1815EAFB}
		{1F53F40F-BAC1-408F-98E9-D92BE4D1A83B} = {9D4DCA10-BAF8-450B-91D9-2F0B1815EAFB}
		{1305F55A-6301-408D-95B7-05EC6F49FBE2} = {9D4DCA10-BAF8-450B-91D9-2F0B1815EAFB}
		{1CFEDC5D-805E-4CB6-B727-6FCA8A979ADE} = {9D4DCA10-BAF8-450B-91D9-2F0B1815EAFB}
	EndGlobalSection
EndGlobal
