
Microsoft Visual Studio Solution File, Format Version 12.00
# Visual Studio Express 2012 for Web
Project("{FAE04EC0-301F-11D3-BF4B-00C04F79EFBC}") = "DWYT.MvcApplication", "DWYT.MvcApplication\DWYT.MvcApplication.csproj", "{1BE3E01F-533A-47E8-84ED-372F0A5F03FE}"
EndProject
Project("{FAE04EC0-301F-11D3-BF4B-00C04F79EFBC}") = "DWYT.Core", "..\DWYT.Core\DWYT.Core\DWYT.Core.csproj", "{96C06A47-09F3-44BB-AC24-EA4A7B4CB228}"
EndProject
Project("{FAE04EC0-301F-11D3-BF4B-00C04F79EFBC}") = "DWYT.DAL", "..\DWYT.DAL\DWYT.DAL\DWYT.DAL.csproj", "{BCE493C5-2DED-4B55-BBF3-D4721E948B70}"
EndProject
Project("{FAE04EC0-301F-11D3-BF4B-00C04F79EFBC}") = "DWYT.Core.Tests", "..\DWYT.Core\DWYT.Core.Tests\DWYT.Core.Tests.csproj", "{D514B695-60DA-40F6-8010-69C3FB47F9D9}"
EndProject
Global
	GlobalSection(SolutionConfigurationPlatforms) = preSolution
		Debug|Any CPU = Debug|Any CPU
		Debug|Mixed Platforms = Debug|Mixed Platforms
		Debug|x86 = Debug|x86
		Release|Any CPU = Release|Any CPU
		Release|Mixed Platforms = Release|Mixed Platforms
		Release|x86 = Release|x86
	EndGlobalSection
	GlobalSection(ProjectConfigurationPlatforms) = postSolution
		{1BE3E01F-533A-47E8-84ED-372F0A5F03FE}.Debug|Any CPU.ActiveCfg = Debug|Any CPU
		{1BE3E01F-533A-47E8-84ED-372F0A5F03FE}.Debug|Any CPU.Build.0 = Debug|Any CPU
		{1BE3E01F-533A-47E8-84ED-372F0A5F03FE}.Debug|Mixed Platforms.ActiveCfg = Debug|Any CPU
		{1BE3E01F-533A-47E8-84ED-372F0A5F03FE}.Debug|Mixed Platforms.Build.0 = Debug|Any CPU
		{1BE3E01F-533A-47E8-84ED-372F0A5F03FE}.Debug|x86.ActiveCfg = Debug|Any CPU
		{1BE3E01F-533A-47E8-84ED-372F0A5F03FE}.Release|Any CPU.ActiveCfg = Release|Any CPU
		{1BE3E01F-533A-47E8-84ED-372F0A5F03FE}.Release|Any CPU.Build.0 = Release|Any CPU
		{1BE3E01F-533A-47E8-84ED-372F0A5F03FE}.Release|Mixed Platforms.ActiveCfg = Release|Any CPU
		{1BE3E01F-533A-47E8-84ED-372F0A5F03FE}.Release|Mixed Platforms.Build.0 = Release|Any CPU
		{1BE3E01F-533A-47E8-84ED-372F0A5F03FE}.Release|x86.ActiveCfg = Release|Any CPU
		{96C06A47-09F3-44BB-AC24-EA4A7B4CB228}.Debug|Any CPU.ActiveCfg = Debug|x86
		{96C06A47-09F3-44BB-AC24-EA4A7B4CB228}.Debug|Mixed Platforms.ActiveCfg = Debug|x86
		{96C06A47-09F3-44BB-AC24-EA4A7B4CB228}.Debug|Mixed Platforms.Build.0 = Debug|x86
		{96C06A47-09F3-44BB-AC24-EA4A7B4CB228}.Debug|x86.ActiveCfg = Debug|x86
		{96C06A47-09F3-44BB-AC24-EA4A7B4CB228}.Debug|x86.Build.0 = Debug|x86
		{96C06A47-09F3-44BB-AC24-EA4A7B4CB228}.Release|Any CPU.ActiveCfg = Release|x86
		{96C06A47-09F3-44BB-AC24-EA4A7B4CB228}.Release|Mixed Platforms.ActiveCfg = Release|x86
		{96C06A47-09F3-44BB-AC24-EA4A7B4CB228}.Release|Mixed Platforms.Build.0 = Release|x86
		{96C06A47-09F3-44BB-AC24-EA4A7B4CB228}.Release|x86.ActiveCfg = Release|x86
		{96C06A47-09F3-44BB-AC24-EA4A7B4CB228}.Release|x86.Build.0 = Release|x86
		{BCE493C5-2DED-4B55-BBF3-D4721E948B70}.Debug|Any CPU.ActiveCfg = Debug|x86
		{BCE493C5-2DED-4B55-BBF3-D4721E948B70}.Debug|Mixed Platforms.ActiveCfg = Debug|x86
		{BCE493C5-2DED-4B55-BBF3-D4721E948B70}.Debug|Mixed Platforms.Build.0 = Debug|x86
		{BCE493C5-2DED-4B55-BBF3-D4721E948B70}.Debug|x86.ActiveCfg = Debug|x86
		{BCE493C5-2DED-4B55-BBF3-D4721E948B70}.Debug|x86.Build.0 = Debug|x86
		{BCE493C5-2DED-4B55-BBF3-D4721E948B70}.Release|Any CPU.ActiveCfg = Release|x86
		{BCE493C5-2DED-4B55-BBF3-D4721E948B70}.Release|Mixed Platforms.ActiveCfg = Release|x86
		{BCE493C5-2DED-4B55-BBF3-D4721E948B70}.Release|Mixed Platforms.Build.0 = Release|x86
		{BCE493C5-2DED-4B55-BBF3-D4721E948B70}.Release|x86.ActiveCfg = Release|x86
		{BCE493C5-2DED-4B55-BBF3-D4721E948B70}.Release|x86.Build.0 = Release|x86
		{D514B695-60DA-40F6-8010-69C3FB47F9D9}.Debug|Any CPU.ActiveCfg = Debug|Any CPU
		{D514B695-60DA-40F6-8010-69C3FB47F9D9}.Debug|Any CPU.Build.0 = Debug|Any CPU
		{D514B695-60DA-40F6-8010-69C3FB47F9D9}.Debug|Mixed Platforms.ActiveCfg = Debug|Any CPU
		{D514B695-60DA-40F6-8010-69C3FB47F9D9}.Debug|Mixed Platforms.Build.0 = Debug|Any CPU
		{D514B695-60DA-40F6-8010-69C3FB47F9D9}.Debug|x86.ActiveCfg = Debug|Any CPU
		{D514B695-60DA-40F6-8010-69C3FB47F9D9}.Release|Any CPU.ActiveCfg = Release|Any CPU
		{D514B695-60DA-40F6-8010-69C3FB47F9D9}.Release|Any CPU.Build.0 = Release|Any CPU
		{D514B695-60DA-40F6-8010-69C3FB47F9D9}.Release|Mixed Platforms.ActiveCfg = Release|Any CPU
		{D514B695-60DA-40F6-8010-69C3FB47F9D9}.Release|Mixed Platforms.Build.0 = Release|Any CPU
		{D514B695-60DA-40F6-8010-69C3FB47F9D9}.Release|x86.ActiveCfg = Release|Any CPU
	EndGlobalSection
	GlobalSection(SolutionProperties) = preSolution
		HideSolutionNode = FALSE
	EndGlobalSection
EndGlobal
